
Microsoft Visual Studio Solution File, Format Version 12.00
# Visual Studio 15
VisualStudioVersion = 15.0.28307.136
MinimumVisualStudioVersion = 10.0.40219.1
Project("{E24C65DC-7377-472B-9ABA-BC803B73C61A}") = "SimpleWebApp", "SimpleWebApp\", "{A0CCB86F-177E-412E-AFD3-C77001C47704}"
	ProjectSection(WebsiteProperties) = preProject
		TargetFrameworkMoniker = ".NETFramework,Version%3Dv4.6.1"
		Debug.AspNetCompiler.VirtualPath = "/localhost_62629"
		Debug.AspNetCompiler.PhysicalPath = "SimpleWebApp\"
		Debug.AspNetCompiler.TargetPath = "PrecompiledWeb\localhost_62629\"
		Debug.AspNetCompiler.Updateable = "true"
		Debug.AspNetCompiler.ForceOverwrite = "true"
		Debug.AspNetCompiler.FixedNames = "false"
		Debug.AspNetCompiler.Debug = "True"
		Release.AspNetCompiler.VirtualPath = "/localhost_62629"
		Release.AspNetCompiler.PhysicalPath = "SimpleWebApp\"
		Release.AspNetCompiler.TargetPath = "PrecompiledWeb\localhost_62629\"
		Release.AspNetCompiler.Updateable = "true"
		Release.AspNetCompiler.ForceOverwrite = "true"
		Release.AspNetCompiler.FixedNames = "false"
		Release.AspNetCompiler.Debug = "False"
		VWDPort = "62629"
		SlnRelativePath = "SimpleWebApp\"
		DefaultWebSiteLanguage = "Visual C#"
	EndProjectSection
EndProject
Global
	GlobalSection(SolutionConfigurationPlatforms) = preSolution
		Debug|Any CPU = Debug|Any CPU
	EndGlobalSection
	GlobalSection(ProjectConfigurationPlatforms) = postSolution
		{A0CCB86F-177E-412E-AFD3-C77001C47704}.Debug|Any CPU.ActiveCfg = Debug|Any CPU
		{A0CCB86F-177E-412E-AFD3-C77001C47704}.Debug|Any CPU.Build.0 = Debug|Any CPU
	EndGlobalSection
	GlobalSection(SolutionProperties) = preSolution
		HideSolutionNode = FALSE
	EndGlobalSection
	GlobalSection(ExtensibilityGlobals) = postSolution
		SolutionGuid = {15D6685D-96E0-45B1-BF5C-D22D115B18CE}
	EndGlobalSection
EndGlobal
